
Microsoft Visual Studio Solution File, Format Version 12.00
# Visual Studio 15
VisualStudioVersion = 15.0.28010.2048
MinimumVisualStudioVersion = 10.0.40219.1
Project("{FAE04EC0-301F-11D3-BF4B-00C04F79EFBC}") = "ChainBTPD", "ChainBTPD\ChainBTPD.csproj", "{299585F7-BBC3-4649-9529-AFF5BB9B99E2}"
EndProject
Global
	GlobalSection(SolutionConfigurationPlatforms) = preSolution
		Debug|Any CPU = Debug|Any CPU
		Release|Any CPU = Release|Any CPU
	EndGlobalSection
	GlobalSection(ProjectConfigurationPlatforms) = postSolution
		{299585F7-BBC3-4649-9529-AFF5BB9B99E2}.Debug|Any CPU.ActiveCfg = Debug|Any CPU
		{299585F7-BBC3-4649-9529-AFF5BB9B99E2}.Debug|Any CPU.Build.0 = Debug|Any CPU
		{299585F7-BBC3-4649-9529-AFF5BB9B99E2}.Release|Any CPU.ActiveCfg = Release|Any CPU
		{299585F7-BBC3-4649-9529-AFF5BB9B99E2}.Release|Any CPU.Build.0 = Release|Any CPU
	EndGlobalSection
	GlobalSection(SolutionProperties) = preSolution
		HideSolutionNode = FALSE
	EndGlobalSection
	GlobalSection(ExtensibilityGlobals) = postSolution
		SolutionGuid = {69F9F6A3-C98B-4A41-8E69-1801117038B5}
	EndGlobalSection
EndGlobal
